// !$*UTF8*$!
{
	archiveVersion = 1;
	classes = {
	};
	objectVersion = 46;
	objects = {

/* Begin PBXBuildFile section */
		1822727B1B5A265200CD52B8 /* TTlogomain.jpg in Resources */ = {isa = PBXBuildFile; fileRef = 1822727A1B5A265200CD52B8 /* TTlogomain.jpg */; };
		1829221F1B236AFB00F95AE0 /* main.m in Sources */ = {isa = PBXBuildFile; fileRef = 1829221E1B236AFB00F95AE0 /* main.m */; };
		182922221B236AFB00F95AE0 /* AppDelegate.m in Sources */ = {isa = PBXBuildFile; fileRef = 182922211B236AFB00F95AE0 /* AppDelegate.m */; };
		182922281B236AFB00F95AE0 /* Main.storyboard in Resources */ = {isa = PBXBuildFile; fileRef = 182922261B236AFB00F95AE0 /* Main.storyboard */; };
		1829222A1B236AFB00F95AE0 /* Images.xcassets in Resources */ = {isa = PBXBuildFile; fileRef = 182922291B236AFB00F95AE0 /* Images.xcassets */; };
		1829222D1B236AFB00F95AE0 /* LaunchScreen.xib in Resources */ = {isa = PBXBuildFile; fileRef = 1829222B1B236AFB00F95AE0 /* LaunchScreen.xib */; };
		182922391B236AFB00F95AE0 /* TechTatva15Tests.m in Sources */ = {isa = PBXBuildFile; fileRef = 182922381B236AFB00F95AE0 /* TechTatva15Tests.m */; };
		182D3F491B56AFB30008F4BB /* InstagramViewController.m in Sources */ = {isa = PBXBuildFile; fileRef = 182D3F481B56AFB30008F4BB /* InstagramViewController.m */; };
		182D3F4C1B56B0C80008F4BB /* InstagramUser.m in Sources */ = {isa = PBXBuildFile; fileRef = 182D3F4B1B56B0C80008F4BB /* InstagramUser.m */; };
		182D3F4F1B56B21C0008F4BB /* InstagramImage.m in Sources */ = {isa = PBXBuildFile; fileRef = 182D3F4E1B56B21C0008F4BB /* InstagramImage.m */; };
		1835F6A21B961675009E12E5 /* Minus-50.png in Resources */ = {isa = PBXBuildFile; fileRef = 1835F6A11B961675009E12E5 /* Minus-50.png */; };
		1835F6B01B961691009E12E5 /* NSMutableArray+SWUtilityButtons.m in Sources */ = {isa = PBXBuildFile; fileRef = 1835F6A51B961691009E12E5 /* NSMutableArray+SWUtilityButtons.m */; };
		1835F6B11B961691009E12E5 /* SWCellScrollView.m in Sources */ = {isa = PBXBuildFile; fileRef = 1835F6A71B961691009E12E5 /* SWCellScrollView.m */; };
		1835F6B21B961691009E12E5 /* SWLongPressGestureRecognizer.m in Sources */ = {isa = PBXBuildFile; fileRef = 1835F6A91B961691009E12E5 /* SWLongPressGestureRecognizer.m */; };
		1835F6B31B961691009E12E5 /* SWTableViewCell.m in Sources */ = {isa = PBXBuildFile; fileRef = 1835F6AB1B961691009E12E5 /* SWTableViewCell.m */; };
		1835F6B41B961691009E12E5 /* SWUtilityButtonTapGestureRecognizer.m in Sources */ = {isa = PBXBuildFile; fileRef = 1835F6AD1B961691009E12E5 /* SWUtilityButtonTapGestureRecognizer.m */; };
		1835F6B51B961691009E12E5 /* SWUtilityButtonView.m in Sources */ = {isa = PBXBuildFile; fileRef = 1835F6AF1B961691009E12E5 /* SWUtilityButtonView.m */; };
		1835F6B71B961FC6009E12E5 /* Minus-32.png in Resources */ = {isa = PBXBuildFile; fileRef = 1835F6B61B961FC6009E12E5 /* Minus-32.png */; };
		183C4E181B7FCCF700A07FB0 /* DaySegmentedControlView.m in Sources */ = {isa = PBXBuildFile; fileRef = 183C4E161B7FCCF700A07FB0 /* DaySegmentedControlView.m */; };
		183C4E191B7FCCF700A07FB0 /* DaySegmentedControlView.xib in Resources */ = {isa = PBXBuildFile; fileRef = 183C4E171B7FCCF700A07FB0 /* DaySegmentedControlView.xib */; };
		183C4E1D1B7FCD3400A07FB0 /* CatEventViewController.m in Sources */ = {isa = PBXBuildFile; fileRef = 183C4E1C1B7FCD3400A07FB0 /* CatEventViewController.m */; };
		1848173F1B90CD680031F1B9 /* CoreData.framework in Frameworks */ = {isa = PBXBuildFile; fileRef = 1848173E1B90CD680031F1B9 /* CoreData.framework */; };
		184817421B90CE300031F1B9 /* TechTatva15_Core_Data_Model.xcdatamodeld in Sources */ = {isa = PBXBuildFile; fileRef = 184817401B90CE300031F1B9 /* TechTatva15_Core_Data_Model.xcdatamodeld */; };
		184817451B90D4F70031F1B9 /* CoreDataModel.m in Sources */ = {isa = PBXBuildFile; fileRef = 184817441B90D4F70031F1B9 /* CoreDataModel.m */; };
		184817491B90D5D60031F1B9 /* Favourites.m in Sources */ = {isa = PBXBuildFile; fileRef = 184817481B90D5D60031F1B9 /* Favourites.m */; };
		1848174D1B90D7550031F1B9 /* FavouritesViewController.m in Sources */ = {isa = PBXBuildFile; fileRef = 1848174C1B90D7550031F1B9 /* FavouritesViewController.m */; };
		1897CC321B84EBD0007D779B /* EventsViewController.m in Sources */ = {isa = PBXBuildFile; fileRef = 1897CC311B84EBD0007D779B /* EventsViewController.m */; };
		18ADE1781B5ECC4B00CCD46D /* Reachability.m in Sources */ = {isa = PBXBuildFile; fileRef = 18ADE1771B5ECC4B00CCD46D /* Reachability.m */; };
		18B4FC561B5958A5004647DA /* MKAnnotationView+WebCache.m in Sources */ = {isa = PBXBuildFile; fileRef = 18B4FC361B5958A5004647DA /* MKAnnotationView+WebCache.m */; };
		18B4FC571B5958A5004647DA /* NSData+ImageContentType.m in Sources */ = {isa = PBXBuildFile; fileRef = 18B4FC381B5958A5004647DA /* NSData+ImageContentType.m */; };
		18B4FC581B5958A5004647DA /* SDImageCache.m in Sources */ = {isa = PBXBuildFile; fileRef = 18B4FC3A1B5958A5004647DA /* SDImageCache.m */; };
		18B4FC591B5958A5004647DA /* SDWebImageCompat.m in Sources */ = {isa = PBXBuildFile; fileRef = 18B4FC3C1B5958A5004647DA /* SDWebImageCompat.m */; };
		18B4FC5A1B5958A5004647DA /* SDWebImageDecoder.m in Sources */ = {isa = PBXBuildFile; fileRef = 18B4FC3E1B5958A5004647DA /* SDWebImageDecoder.m */; };
		18B4FC5B1B5958A5004647DA /* SDWebImageDownloader.m in Sources */ = {isa = PBXBuildFile; fileRef = 18B4FC401B5958A5004647DA /* SDWebImageDownloader.m */; };
		18B4FC5C1B5958A5004647DA /* SDWebImageDownloaderOperation.m in Sources */ = {isa = PBXBuildFile; fileRef = 18B4FC421B5958A5004647DA /* SDWebImageDownloaderOperation.m */; };
		18B4FC5D1B5958A5004647DA /* SDWebImageManager.m in Sources */ = {isa = PBXBuildFile; fileRef = 18B4FC441B5958A5004647DA /* SDWebImageManager.m */; };
		18B4FC5E1B5958A5004647DA /* SDWebImagePrefetcher.m in Sources */ = {isa = PBXBuildFile; fileRef = 18B4FC471B5958A5004647DA /* SDWebImagePrefetcher.m */; };
		18B4FC5F1B5958A5004647DA /* UIButton+WebCache.m in Sources */ = {isa = PBXBuildFile; fileRef = 18B4FC491B5958A5004647DA /* UIButton+WebCache.m */; };
		18B4FC601B5958A5004647DA /* UIImage+GIF.m in Sources */ = {isa = PBXBuildFile; fileRef = 18B4FC4B1B5958A5004647DA /* UIImage+GIF.m */; };
		18B4FC611B5958A5004647DA /* UIImage+MultiFormat.m in Sources */ = {isa = PBXBuildFile; fileRef = 18B4FC4D1B5958A5004647DA /* UIImage+MultiFormat.m */; };
		18B4FC621B5958A5004647DA /* UIImage+WebP.m in Sources */ = {isa = PBXBuildFile; fileRef = 18B4FC4F1B5958A5004647DA /* UIImage+WebP.m */; };
		18B4FC631B5958A5004647DA /* UIImageView+HighlightedWebCache.m in Sources */ = {isa = PBXBuildFile; fileRef = 18B4FC511B5958A5004647DA /* UIImageView+HighlightedWebCache.m */; };
		18B4FC641B5958A5004647DA /* UIImageView+WebCache.m in Sources */ = {isa = PBXBuildFile; fileRef = 18B4FC531B5958A5004647DA /* UIImageView+WebCache.m */; };
		18B4FC651B5958A5004647DA /* UIView+WebCacheOperation.m in Sources */ = {isa = PBXBuildFile; fileRef = 18B4FC551B5958A5004647DA /* UIView+WebCacheOperation.m */; };
		18B4FC681B595E67004647DA /* FullScreenImageViewController.m in Sources */ = {isa = PBXBuildFile; fileRef = 18B4FC671B595E67004647DA /* FullScreenImageViewController.m */; };
		18B4FC721B5962E4004647DA /* PQFCirclesInTriangle.m in Sources */ = {isa = PBXBuildFile; fileRef = 18B4FC6B1B5962E4004647DA /* PQFCirclesInTriangle.m */; };
		18B4FC731B5962E4004647DA /* UIColor+FlatColors.m in Sources */ = {isa = PBXBuildFile; fileRef = 18B4FC6E1B5962E4004647DA /* UIColor+FlatColors.m */; };
		18B5ECE51B23793E00055A3F /* video.mov in Resources */ = {isa = PBXBuildFile; fileRef = 18B5ECE41B23793E00055A3F /* video.mov */; };
		18E282731B373C4D0084DCDE /* ResultsViewController.m in Sources */ = {isa = PBXBuildFile; fileRef = 18E282721B373C4D0084DCDE /* ResultsViewController.m */; };
		18FDACA51B76386F00C23742 /* Event.m in Sources */ = {isa = PBXBuildFile; fileRef = 18FDACA41B76386F00C23742 /* Event.m */; };
		4CC9F6D01B3DBB4F002F9C1D /* eventViewTableViewCell.m in Sources */ = {isa = PBXBuildFile; fileRef = 4CC9F6CE1B3DBB4F002F9C1D /* eventViewTableViewCell.m */; };
		4CC9F6D11B3DBB4F002F9C1D /* eventViewTableViewCell.xib in Resources */ = {isa = PBXBuildFile; fileRef = 4CC9F6CF1B3DBB4F002F9C1D /* eventViewTableViewCell.xib */; };
		A33D4F1F1B8645760083429E /* RECommonFunctions.m in Sources */ = {isa = PBXBuildFile; fileRef = A33D4F1A1B8645760083429E /* RECommonFunctions.m */; };
		A33D4F201B8645760083429E /* RESideMenu.m in Sources */ = {isa = PBXBuildFile; fileRef = A33D4F1C1B8645760083429E /* RESideMenu.m */; };
		A33D4F211B8645760083429E /* UIViewController+RESideMenu.m in Sources */ = {isa = PBXBuildFile; fileRef = A33D4F1E1B8645760083429E /* UIViewController+RESideMenu.m */; };
		A33D4F251B8645AE0083429E /* RootViewController.m in Sources */ = {isa = PBXBuildFile; fileRef = A33D4F241B8645AE0083429E /* RootViewController.m */; };
		A33D4F281B86464B0083429E /* LeftMenuViewController.m in Sources */ = {isa = PBXBuildFile; fileRef = A33D4F271B86464B0083429E /* LeftMenuViewController.m */; };
		A3435C991B88BC9000BB1FFB /* CategoryTableViewCell.m in Sources */ = {isa = PBXBuildFile; fileRef = A3435C971B88BC9000BB1FFB /* CategoryTableViewCell.m */; };
		A3435C9A1B88BC9000BB1FFB /* CategoryTableViewCell.xib in Resources */ = {isa = PBXBuildFile; fileRef = A3435C981B88BC9000BB1FFB /* CategoryTableViewCell.xib */; };
		A3435C9D1B88BCBA00BB1FFB /* SplashViewController.m in Sources */ = {isa = PBXBuildFile; fileRef = A3435C9C1B88BCBA00BB1FFB /* SplashViewController.m */; };
		A3435CA01B88BCC600BB1FFB /* CategoriesTableViewController.m in Sources */ = {isa = PBXBuildFile; fileRef = A3435C9F1B88BCC600BB1FFB /* CategoriesTableViewController.m */; };
		A3435CA41B88BCDF00BB1FFB /* InstagramCustomCell.xib in Resources */ = {isa = PBXBuildFile; fileRef = A3435CA11B88BCDF00BB1FFB /* InstagramCustomCell.xib */; };
		A3435CA51B88BCDF00BB1FFB /* InstagramCustomTableViewCell.m in Sources */ = {isa = PBXBuildFile; fileRef = A3435CA31B88BCDF00BB1FFB /* InstagramCustomTableViewCell.m */; };
		A3BF3C011B3FD2DF00E1F436 /* MBProgressHUD.m in Sources */ = {isa = PBXBuildFile; fileRef = A3BF3C001B3FD2DF00E1F436 /* MBProgressHUD.m */; };
		A3CD67DD1B3C466B00DACD83 /* SSJSONModel.m in Sources */ = {isa = PBXBuildFile; fileRef = A3CD67DC1B3C466B00DACD83 /* SSJSONModel.m */; };
/* End PBXBuildFile section */

/* Begin PBXContainerItemProxy section */
		182922331B236AFB00F95AE0 /* PBXContainerItemProxy */ = {
			isa = PBXContainerItemProxy;
			containerPortal = 182922111B236AFB00F95AE0 /* Project object */;
			proxyType = 1;
			remoteGlobalIDString = 182922181B236AFB00F95AE0;
			remoteInfo = TechTatva15;
		};
/* End PBXContainerItemProxy section */

/* Begin PBXFileReference section */
		1811F1AB1B7553EC00B6BE2E /* TechTatva15-Prefix.pch */ = {isa = PBXFileReference; lastKnownFileType = sourcecode.c.h; path = "TechTatva15-Prefix.pch"; sourceTree = "<group>"; };
		1822727A1B5A265200CD52B8 /* TTlogomain.jpg */ = {isa = PBXFileReference; lastKnownFileType = image.jpeg; path = TTlogomain.jpg; sourceTree = "<group>"; };
		182922191B236AFB00F95AE0 /* TechTatva15.app */ = {isa = PBXFileReference; explicitFileType = wrapper.application; includeInIndex = 0; path = TechTatva15.app; sourceTree = BUILT_PRODUCTS_DIR; };
		1829221D1B236AFB00F95AE0 /* Info.plist */ = {isa = PBXFileReference; lastKnownFileType = text.plist.xml; path = Info.plist; sourceTree = "<group>"; };
		1829221E1B236AFB00F95AE0 /* main.m */ = {isa = PBXFileReference; lastKnownFileType = sourcecode.c.objc; path = main.m; sourceTree = "<group>"; };
		182922201B236AFB00F95AE0 /* AppDelegate.h */ = {isa = PBXFileReference; lastKnownFileType = sourcecode.c.h; path = AppDelegate.h; sourceTree = "<group>"; };
		182922211B236AFB00F95AE0 /* AppDelegate.m */ = {isa = PBXFileReference; lastKnownFileType = sourcecode.c.objc; path = AppDelegate.m; sourceTree = "<group>"; };
		182922271B236AFB00F95AE0 /* Base */ = {isa = PBXFileReference; lastKnownFileType = file.storyboard; name = Base; path = Base.lproj/Main.storyboard; sourceTree = "<group>"; };
		182922291B236AFB00F95AE0 /* Images.xcassets */ = {isa = PBXFileReference; lastKnownFileType = folder.assetcatalog; path = Images.xcassets; sourceTree = "<group>"; };
		1829222C1B236AFB00F95AE0 /* Base */ = {isa = PBXFileReference; lastKnownFileType = file.xib; name = Base; path = Base.lproj/LaunchScreen.xib; sourceTree = "<group>"; };
		182922321B236AFB00F95AE0 /* TechTatva15Tests.xctest */ = {isa = PBXFileReference; explicitFileType = wrapper.cfbundle; includeInIndex = 0; path = TechTatva15Tests.xctest; sourceTree = BUILT_PRODUCTS_DIR; };
		182922371B236AFB00F95AE0 /* Info.plist */ = {isa = PBXFileReference; lastKnownFileType = text.plist.xml; path = Info.plist; sourceTree = "<group>"; };
		182922381B236AFB00F95AE0 /* TechTatva15Tests.m */ = {isa = PBXFileReference; lastKnownFileType = sourcecode.c.objc; path = TechTatva15Tests.m; sourceTree = "<group>"; };
		182D3F471B56AFB30008F4BB /* InstagramViewController.h */ = {isa = PBXFileReference; fileEncoding = 4; lastKnownFileType = sourcecode.c.h; path = InstagramViewController.h; sourceTree = "<group>"; };
		182D3F481B56AFB30008F4BB /* InstagramViewController.m */ = {isa = PBXFileReference; fileEncoding = 4; lastKnownFileType = sourcecode.c.objc; path = InstagramViewController.m; sourceTree = "<group>"; };
		182D3F4A1B56B0C80008F4BB /* InstagramUser.h */ = {isa = PBXFileReference; fileEncoding = 4; lastKnownFileType = sourcecode.c.h; name = InstagramUser.h; path = TechTatva15/InstagramUser.h; sourceTree = "<group>"; };
		182D3F4B1B56B0C80008F4BB /* InstagramUser.m */ = {isa = PBXFileReference; fileEncoding = 4; lastKnownFileType = sourcecode.c.objc; name = InstagramUser.m; path = TechTatva15/InstagramUser.m; sourceTree = "<group>"; };
		182D3F4D1B56B21C0008F4BB /* InstagramImage.h */ = {isa = PBXFileReference; fileEncoding = 4; lastKnownFileType = sourcecode.c.h; name = InstagramImage.h; path = TechTatva15/InstagramImage.h; sourceTree = "<group>"; };
		182D3F4E1B56B21C0008F4BB /* InstagramImage.m */ = {isa = PBXFileReference; fileEncoding = 4; lastKnownFileType = sourcecode.c.objc; name = InstagramImage.m; path = TechTatva15/InstagramImage.m; sourceTree = "<group>"; };
		1835F6A11B961675009E12E5 /* Minus-50.png */ = {isa = PBXFileReference; lastKnownFileType = image.png; path = "Minus-50.png"; sourceTree = "<group>"; };
		1835F6A41B961691009E12E5 /* NSMutableArray+SWUtilityButtons.h */ = {isa = PBXFileReference; fileEncoding = 4; lastKnownFileType = sourcecode.c.h; path = "NSMutableArray+SWUtilityButtons.h"; sourceTree = "<group>"; };
		1835F6A51B961691009E12E5 /* NSMutableArray+SWUtilityButtons.m */ = {isa = PBXFileReference; fileEncoding = 4; lastKnownFileType = sourcecode.c.objc; path = "NSMutableArray+SWUtilityButtons.m"; sourceTree = "<group>"; };
		1835F6A61B961691009E12E5 /* SWCellScrollView.h */ = {isa = PBXFileReference; fileEncoding = 4; lastKnownFileType = sourcecode.c.h; path = SWCellScrollView.h; sourceTree = "<group>"; };
		1835F6A71B961691009E12E5 /* SWCellScrollView.m */ = {isa = PBXFileReference; fileEncoding = 4; lastKnownFileType = sourcecode.c.objc; path = SWCellScrollView.m; sourceTree = "<group>"; };
		1835F6A81B961691009E12E5 /* SWLongPressGestureRecognizer.h */ = {isa = PBXFileReference; fileEncoding = 4; lastKnownFileType = sourcecode.c.h; path = SWLongPressGestureRecognizer.h; sourceTree = "<group>"; };
		1835F6A91B961691009E12E5 /* SWLongPressGestureRecognizer.m */ = {isa = PBXFileReference; fileEncoding = 4; lastKnownFileType = sourcecode.c.objc; path = SWLongPressGestureRecognizer.m; sourceTree = "<group>"; };
		1835F6AA1B961691009E12E5 /* SWTableViewCell.h */ = {isa = PBXFileReference; fileEncoding = 4; lastKnownFileType = sourcecode.c.h; path = SWTableViewCell.h; sourceTree = "<group>"; };
		1835F6AB1B961691009E12E5 /* SWTableViewCell.m */ = {isa = PBXFileReference; fileEncoding = 4; lastKnownFileType = sourcecode.c.objc; path = SWTableViewCell.m; sourceTree = "<group>"; };
		1835F6AC1B961691009E12E5 /* SWUtilityButtonTapGestureRecognizer.h */ = {isa = PBXFileReference; fileEncoding = 4; lastKnownFileType = sourcecode.c.h; path = SWUtilityButtonTapGestureRecognizer.h; sourceTree = "<group>"; };
		1835F6AD1B961691009E12E5 /* SWUtilityButtonTapGestureRecognizer.m */ = {isa = PBXFileReference; fileEncoding = 4; lastKnownFileType = sourcecode.c.objc; path = SWUtilityButtonTapGestureRecognizer.m; sourceTree = "<group>"; };
		1835F6AE1B961691009E12E5 /* SWUtilityButtonView.h */ = {isa = PBXFileReference; fileEncoding = 4; lastKnownFileType = sourcecode.c.h; path = SWUtilityButtonView.h; sourceTree = "<group>"; };
		1835F6AF1B961691009E12E5 /* SWUtilityButtonView.m */ = {isa = PBXFileReference; fileEncoding = 4; lastKnownFileType = sourcecode.c.objc; path = SWUtilityButtonView.m; sourceTree = "<group>"; };
		1835F6B61B961FC6009E12E5 /* Minus-32.png */ = {isa = PBXFileReference; lastKnownFileType = image.png; name = "Minus-32.png"; path = "../Minus-32.png"; sourceTree = "<group>"; };
		183C4E151B7FCCF700A07FB0 /* DaySegmentedControlView.h */ = {isa = PBXFileReference; fileEncoding = 4; lastKnownFileType = sourcecode.c.h; path = DaySegmentedControlView.h; sourceTree = "<group>"; };
		183C4E161B7FCCF700A07FB0 /* DaySegmentedControlView.m */ = {isa = PBXFileReference; fileEncoding = 4; lastKnownFileType = sourcecode.c.objc; path = DaySegmentedControlView.m; sourceTree = "<group>"; };
		183C4E171B7FCCF700A07FB0 /* DaySegmentedControlView.xib */ = {isa = PBXFileReference; fileEncoding = 4; lastKnownFileType = file.xib; path = DaySegmentedControlView.xib; sourceTree = "<group>"; };
		183C4E1B1B7FCD3400A07FB0 /* CatEventViewController.h */ = {isa = PBXFileReference; fileEncoding = 4; lastKnownFileType = sourcecode.c.h; path = CatEventViewController.h; sourceTree = "<group>"; };
		183C4E1C1B7FCD3400A07FB0 /* CatEventViewController.m */ = {isa = PBXFileReference; fileEncoding = 4; lastKnownFileType = sourcecode.c.objc; path = CatEventViewController.m; sourceTree = "<group>"; };
		1848173E1B90CD680031F1B9 /* CoreData.framework */ = {isa = PBXFileReference; lastKnownFileType = wrapper.framework; name = CoreData.framework; path = System/Library/Frameworks/CoreData.framework; sourceTree = SDKROOT; };
		184817411B90CE300031F1B9 /* TechTatva15_Core_Data_Model.xcdatamodel */ = {isa = PBXFileReference; lastKnownFileType = wrapper.xcdatamodel; path = TechTatva15_Core_Data_Model.xcdatamodel; sourceTree = "<group>"; };
		184817431B90D4F70031F1B9 /* CoreDataModel.h */ = {isa = PBXFileReference; fileEncoding = 4; lastKnownFileType = sourcecode.c.h; name = CoreDataModel.h; path = TechTatva15/CoreDataModel.h; sourceTree = "<group>"; };
		184817441B90D4F70031F1B9 /* CoreDataModel.m */ = {isa = PBXFileReference; fileEncoding = 4; lastKnownFileType = sourcecode.c.objc; name = CoreDataModel.m; path = TechTatva15/CoreDataModel.m; sourceTree = "<group>"; };
		184817471B90D5D60031F1B9 /* Favourites.h */ = {isa = PBXFileReference; fileEncoding = 4; lastKnownFileType = sourcecode.c.h; path = Favourites.h; sourceTree = "<group>"; };
		184817481B90D5D60031F1B9 /* Favourites.m */ = {isa = PBXFileReference; fileEncoding = 4; lastKnownFileType = sourcecode.c.objc; path = Favourites.m; sourceTree = "<group>"; };
		1848174B1B90D7550031F1B9 /* FavouritesViewController.h */ = {isa = PBXFileReference; fileEncoding = 4; lastKnownFileType = sourcecode.c.h; path = FavouritesViewController.h; sourceTree = "<group>"; };
		1848174C1B90D7550031F1B9 /* FavouritesViewController.m */ = {isa = PBXFileReference; fileEncoding = 4; lastKnownFileType = sourcecode.c.objc; path = FavouritesViewController.m; sourceTree = "<group>"; };
		1897CC301B84EBD0007D779B /* EventsViewController.h */ = {isa = PBXFileReference; fileEncoding = 4; lastKnownFileType = sourcecode.c.h; path = EventsViewController.h; sourceTree = "<group>"; };
		1897CC311B84EBD0007D779B /* EventsViewController.m */ = {isa = PBXFileReference; fileEncoding = 4; lastKnownFileType = sourcecode.c.objc; path = EventsViewController.m; sourceTree = "<group>"; };
		18ADE1761B5ECC4B00CCD46D /* Reachability.h */ = {isa = PBXFileReference; fileEncoding = 4; lastKnownFileType = sourcecode.c.h; path = Reachability.h; sourceTree = "<group>"; };
		18ADE1771B5ECC4B00CCD46D /* Reachability.m */ = {isa = PBXFileReference; fileEncoding = 4; lastKnownFileType = sourcecode.c.objc; path = Reachability.m; sourceTree = "<group>"; };
		18B4FC351B5958A5004647DA /* MKAnnotationView+WebCache.h */ = {isa = PBXFileReference; fileEncoding = 4; lastKnownFileType = sourcecode.c.h; path = "MKAnnotationView+WebCache.h"; sourceTree = "<group>"; };
		18B4FC361B5958A5004647DA /* MKAnnotationView+WebCache.m */ = {isa = PBXFileReference; fileEncoding = 4; lastKnownFileType = sourcecode.c.objc; path = "MKAnnotationView+WebCache.m"; sourceTree = "<group>"; };
		18B4FC371B5958A5004647DA /* NSData+ImageContentType.h */ = {isa = PBXFileReference; fileEncoding = 4; lastKnownFileType = sourcecode.c.h; path = "NSData+ImageContentType.h"; sourceTree = "<group>"; };
		18B4FC381B5958A5004647DA /* NSData+ImageContentType.m */ = {isa = PBXFileReference; fileEncoding = 4; lastKnownFileType = sourcecode.c.objc; path = "NSData+ImageContentType.m"; sourceTree = "<group>"; };
		18B4FC391B5958A5004647DA /* SDImageCache.h */ = {isa = PBXFileReference; fileEncoding = 4; lastKnownFileType = sourcecode.c.h; path = SDImageCache.h; sourceTree = "<group>"; };
		18B4FC3A1B5958A5004647DA /* SDImageCache.m */ = {isa = PBXFileReference; fileEncoding = 4; lastKnownFileType = sourcecode.c.objc; path = SDImageCache.m; sourceTree = "<group>"; };
		18B4FC3B1B5958A5004647DA /* SDWebImageCompat.h */ = {isa = PBXFileReference; fileEncoding = 4; lastKnownFileType = sourcecode.c.h; path = SDWebImageCompat.h; sourceTree = "<group>"; };
		18B4FC3C1B5958A5004647DA /* SDWebImageCompat.m */ = {isa = PBXFileReference; fileEncoding = 4; lastKnownFileType = sourcecode.c.objc; path = SDWebImageCompat.m; sourceTree = "<group>"; };
		18B4FC3D1B5958A5004647DA /* SDWebImageDecoder.h */ = {isa = PBXFileReference; fileEncoding = 4; lastKnownFileType = sourcecode.c.h; path = SDWebImageDecoder.h; sourceTree = "<group>"; };
		18B4FC3E1B5958A5004647DA /* SDWebImageDecoder.m */ = {isa = PBXFileReference; fileEncoding = 4; lastKnownFileType = sourcecode.c.objc; path = SDWebImageDecoder.m; sourceTree = "<group>"; };
		18B4FC3F1B5958A5004647DA /* SDWebImageDownloader.h */ = {isa = PBXFileReference; fileEncoding = 4; lastKnownFileType = sourcecode.c.h; path = SDWebImageDownloader.h; sourceTree = "<group>"; };
		18B4FC401B5958A5004647DA /* SDWebImageDownloader.m */ = {isa = PBXFileReference; fileEncoding = 4; lastKnownFileType = sourcecode.c.objc; path = SDWebImageDownloader.m; sourceTree = "<group>"; };
		18B4FC411B5958A5004647DA /* SDWebImageDownloaderOperation.h */ = {isa = PBXFileReference; fileEncoding = 4; lastKnownFileType = sourcecode.c.h; path = SDWebImageDownloaderOperation.h; sourceTree = "<group>"; };
		18B4FC421B5958A5004647DA /* SDWebImageDownloaderOperation.m */ = {isa = PBXFileReference; fileEncoding = 4; lastKnownFileType = sourcecode.c.objc; path = SDWebImageDownloaderOperation.m; sourceTree = "<group>"; };
		18B4FC431B5958A5004647DA /* SDWebImageManager.h */ = {isa = PBXFileReference; fileEncoding = 4; lastKnownFileType = sourcecode.c.h; path = SDWebImageManager.h; sourceTree = "<group>"; };
		18B4FC441B5958A5004647DA /* SDWebImageManager.m */ = {isa = PBXFileReference; fileEncoding = 4; lastKnownFileType = sourcecode.c.objc; path = SDWebImageManager.m; sourceTree = "<group>"; };
		18B4FC451B5958A5004647DA /* SDWebImageOperation.h */ = {isa = PBXFileReference; fileEncoding = 4; lastKnownFileType = sourcecode.c.h; path = SDWebImageOperation.h; sourceTree = "<group>"; };
		18B4FC461B5958A5004647DA /* SDWebImagePrefetcher.h */ = {isa = PBXFileReference; fileEncoding = 4; lastKnownFileType = sourcecode.c.h; path = SDWebImagePrefetcher.h; sourceTree = "<group>"; };
		18B4FC471B5958A5004647DA /* SDWebImagePrefetcher.m */ = {isa = PBXFileReference; fileEncoding = 4; lastKnownFileType = sourcecode.c.objc; path = SDWebImagePrefetcher.m; sourceTree = "<group>"; };
		18B4FC481B5958A5004647DA /* UIButton+WebCache.h */ = {isa = PBXFileReference; fileEncoding = 4; lastKnownFileType = sourcecode.c.h; path = "UIButton+WebCache.h"; sourceTree = "<group>"; };
		18B4FC491B5958A5004647DA /* UIButton+WebCache.m */ = {isa = PBXFileReference; fileEncoding = 4; lastKnownFileType = sourcecode.c.objc; path = "UIButton+WebCache.m"; sourceTree = "<group>"; };
		18B4FC4A1B5958A5004647DA /* UIImage+GIF.h */ = {isa = PBXFileReference; fileEncoding = 4; lastKnownFileType = sourcecode.c.h; path = "UIImage+GIF.h"; sourceTree = "<group>"; };
		18B4FC4B1B5958A5004647DA /* UIImage+GIF.m */ = {isa = PBXFileReference; fileEncoding = 4; lastKnownFileType = sourcecode.c.objc; path = "UIImage+GIF.m"; sourceTree = "<group>"; };
		18B4FC4C1B5958A5004647DA /* UIImage+MultiFormat.h */ = {isa = PBXFileReference; fileEncoding = 4; lastKnownFileType = sourcecode.c.h; path = "UIImage+MultiFormat.h"; sourceTree = "<group>"; };
		18B4FC4D1B5958A5004647DA /* UIImage+MultiFormat.m */ = {isa = PBXFileReference; fileEncoding = 4; lastKnownFileType = sourcecode.c.objc; path = "UIImage+MultiFormat.m"; sourceTree = "<group>"; };
		18B4FC4E1B5958A5004647DA /* UIImage+WebP.h */ = {isa = PBXFileReference; fileEncoding = 4; lastKnownFileType = sourcecode.c.h; path = "UIImage+WebP.h"; sourceTree = "<group>"; };
		18B4FC4F1B5958A5004647DA /* UIImage+WebP.m */ = {isa = PBXFileReference; fileEncoding = 4; lastKnownFileType = sourcecode.c.objc; path = "UIImage+WebP.m"; sourceTree = "<group>"; };
		18B4FC501B5958A5004647DA /* UIImageView+HighlightedWebCache.h */ = {isa = PBXFileReference; fileEncoding = 4; lastKnownFileType = sourcecode.c.h; path = "UIImageView+HighlightedWebCache.h"; sourceTree = "<group>"; };
		18B4FC511B5958A5004647DA /* UIImageView+HighlightedWebCache.m */ = {isa = PBXFileReference; fileEncoding = 4; lastKnownFileType = sourcecode.c.objc; path = "UIImageView+HighlightedWebCache.m"; sourceTree = "<group>"; };
		18B4FC521B5958A5004647DA /* UIImageView+WebCache.h */ = {isa = PBXFileReference; fileEncoding = 4; lastKnownFileType = sourcecode.c.h; path = "UIImageView+WebCache.h"; sourceTree = "<group>"; };
		18B4FC531B5958A5004647DA /* UIImageView+WebCache.m */ = {isa = PBXFileReference; fileEncoding = 4; lastKnownFileType = sourcecode.c.objc; path = "UIImageView+WebCache.m"; sourceTree = "<group>"; };
		18B4FC541B5958A5004647DA /* UIView+WebCacheOperation.h */ = {isa = PBXFileReference; fileEncoding = 4; lastKnownFileType = sourcecode.c.h; path = "UIView+WebCacheOperation.h"; sourceTree = "<group>"; };
		18B4FC551B5958A5004647DA /* UIView+WebCacheOperation.m */ = {isa = PBXFileReference; fileEncoding = 4; lastKnownFileType = sourcecode.c.objc; path = "UIView+WebCacheOperation.m"; sourceTree = "<group>"; };
		18B4FC661B595E67004647DA /* FullScreenImageViewController.h */ = {isa = PBXFileReference; fileEncoding = 4; lastKnownFileType = sourcecode.c.h; path = FullScreenImageViewController.h; sourceTree = "<group>"; };
		18B4FC671B595E67004647DA /* FullScreenImageViewController.m */ = {isa = PBXFileReference; fileEncoding = 4; lastKnownFileType = sourcecode.c.objc; path = FullScreenImageViewController.m; sourceTree = "<group>"; };
		18B4FC6A1B5962E4004647DA /* PQFCirclesInTriangle.h */ = {isa = PBXFileReference; fileEncoding = 4; lastKnownFileType = sourcecode.c.h; path = PQFCirclesInTriangle.h; sourceTree = "<group>"; };
		18B4FC6B1B5962E4004647DA /* PQFCirclesInTriangle.m */ = {isa = PBXFileReference; fileEncoding = 4; lastKnownFileType = sourcecode.c.objc; path = PQFCirclesInTriangle.m; sourceTree = "<group>"; };
		18B4FC6C1B5962E4004647DA /* PQFCustomLoaders.h */ = {isa = PBXFileReference; fileEncoding = 4; lastKnownFileType = sourcecode.c.h; path = PQFCustomLoaders.h; sourceTree = "<group>"; };
		18B4FC6D1B5962E4004647DA /* UIColor+FlatColors.h */ = {isa = PBXFileReference; fileEncoding = 4; lastKnownFileType = sourcecode.c.h; path = "UIColor+FlatColors.h"; sourceTree = "<group>"; };
		18B4FC6E1B5962E4004647DA /* UIColor+FlatColors.m */ = {isa = PBXFileReference; fileEncoding = 4; lastKnownFileType = sourcecode.c.objc; path = "UIColor+FlatColors.m"; sourceTree = "<group>"; };
		18B5ECE41B23793E00055A3F /* video.mov */ = {isa = PBXFileReference; lastKnownFileType = video.quicktime; path = video.mov; sourceTree = "<group>"; };
		18E282711B373C4D0084DCDE /* ResultsViewController.h */ = {isa = PBXFileReference; fileEncoding = 4; lastKnownFileType = sourcecode.c.h; path = ResultsViewController.h; sourceTree = "<group>"; };
		18E282721B373C4D0084DCDE /* ResultsViewController.m */ = {isa = PBXFileReference; fileEncoding = 4; lastKnownFileType = sourcecode.c.objc; path = ResultsViewController.m; sourceTree = "<group>"; };
		18FDACA31B76386F00C23742 /* Event.h */ = {isa = PBXFileReference; fileEncoding = 4; lastKnownFileType = sourcecode.c.h; path = Event.h; sourceTree = "<group>"; };
		18FDACA41B76386F00C23742 /* Event.m */ = {isa = PBXFileReference; fileEncoding = 4; lastKnownFileType = sourcecode.c.objc; path = Event.m; sourceTree = "<group>"; };
		4CC9F6CD1B3DBB4F002F9C1D /* eventViewTableViewCell.h */ = {isa = PBXFileReference; fileEncoding = 4; lastKnownFileType = sourcecode.c.h; path = eventViewTableViewCell.h; sourceTree = "<group>"; };
		4CC9F6CE1B3DBB4F002F9C1D /* eventViewTableViewCell.m */ = {isa = PBXFileReference; fileEncoding = 4; lastKnownFileType = sourcecode.c.objc; path = eventViewTableViewCell.m; sourceTree = "<group>"; };
		4CC9F6CF1B3DBB4F002F9C1D /* eventViewTableViewCell.xib */ = {isa = PBXFileReference; fileEncoding = 4; lastKnownFileType = file.xib; path = eventViewTableViewCell.xib; sourceTree = "<group>"; };
		A33D4F191B8645760083429E /* RECommonFunctions.h */ = {isa = PBXFileReference; fileEncoding = 4; lastKnownFileType = sourcecode.c.h; path = RECommonFunctions.h; sourceTree = "<group>"; };
		A33D4F1A1B8645760083429E /* RECommonFunctions.m */ = {isa = PBXFileReference; fileEncoding = 4; lastKnownFileType = sourcecode.c.objc; path = RECommonFunctions.m; sourceTree = "<group>"; };
		A33D4F1B1B8645760083429E /* RESideMenu.h */ = {isa = PBXFileReference; fileEncoding = 4; lastKnownFileType = sourcecode.c.h; path = RESideMenu.h; sourceTree = "<group>"; };
		A33D4F1C1B8645760083429E /* RESideMenu.m */ = {isa = PBXFileReference; fileEncoding = 4; lastKnownFileType = sourcecode.c.objc; path = RESideMenu.m; sourceTree = "<group>"; };
		A33D4F1D1B8645760083429E /* UIViewController+RESideMenu.h */ = {isa = PBXFileReference; fileEncoding = 4; lastKnownFileType = sourcecode.c.h; path = "UIViewController+RESideMenu.h"; sourceTree = "<group>"; };
		A33D4F1E1B8645760083429E /* UIViewController+RESideMenu.m */ = {isa = PBXFileReference; fileEncoding = 4; lastKnownFileType = sourcecode.c.objc; path = "UIViewController+RESideMenu.m"; sourceTree = "<group>"; };
		A33D4F231B8645AE0083429E /* RootViewController.h */ = {isa = PBXFileReference; fileEncoding = 4; lastKnownFileType = sourcecode.c.h; path = RootViewController.h; sourceTree = "<group>"; };
		A33D4F241B8645AE0083429E /* RootViewController.m */ = {isa = PBXFileReference; fileEncoding = 4; lastKnownFileType = sourcecode.c.objc; path = RootViewController.m; sourceTree = "<group>"; };
		A33D4F261B86464B0083429E /* LeftMenuViewController.h */ = {isa = PBXFileReference; fileEncoding = 4; lastKnownFileType = sourcecode.c.h; path = LeftMenuViewController.h; sourceTree = "<group>"; };
		A33D4F271B86464B0083429E /* LeftMenuViewController.m */ = {isa = PBXFileReference; fileEncoding = 4; lastKnownFileType = sourcecode.c.objc; path = LeftMenuViewController.m; sourceTree = "<group>"; };
		A3435C961B88BC9000BB1FFB /* CategoryTableViewCell.h */ = {isa = PBXFileReference; fileEncoding = 4; lastKnownFileType = sourcecode.c.h; path = CategoryTableViewCell.h; sourceTree = "<group>"; };
		A3435C971B88BC9000BB1FFB /* CategoryTableViewCell.m */ = {isa = PBXFileReference; fileEncoding = 4; lastKnownFileType = sourcecode.c.objc; path = CategoryTableViewCell.m; sourceTree = "<group>"; };
		A3435C981B88BC9000BB1FFB /* CategoryTableViewCell.xib */ = {isa = PBXFileReference; fileEncoding = 4; lastKnownFileType = file.xib; path = CategoryTableViewCell.xib; sourceTree = "<group>"; };
		A3435C9B1B88BCBA00BB1FFB /* SplashViewController.h */ = {isa = PBXFileReference; fileEncoding = 4; lastKnownFileType = sourcecode.c.h; path = SplashViewController.h; sourceTree = "<group>"; };
		A3435C9C1B88BCBA00BB1FFB /* SplashViewController.m */ = {isa = PBXFileReference; fileEncoding = 4; lastKnownFileType = sourcecode.c.objc; path = SplashViewController.m; sourceTree = "<group>"; };
		A3435C9E1B88BCC600BB1FFB /* CategoriesTableViewController.h */ = {isa = PBXFileReference; fileEncoding = 4; lastKnownFileType = sourcecode.c.h; path = CategoriesTableViewController.h; sourceTree = "<group>"; };
		A3435C9F1B88BCC600BB1FFB /* CategoriesTableViewController.m */ = {isa = PBXFileReference; fileEncoding = 4; lastKnownFileType = sourcecode.c.objc; path = CategoriesTableViewController.m; sourceTree = "<group>"; };
		A3435CA11B88BCDF00BB1FFB /* InstagramCustomCell.xib */ = {isa = PBXFileReference; fileEncoding = 4; lastKnownFileType = file.xib; path = InstagramCustomCell.xib; sourceTree = "<group>"; };
		A3435CA21B88BCDF00BB1FFB /* InstagramCustomTableViewCell.h */ = {isa = PBXFileReference; fileEncoding = 4; lastKnownFileType = sourcecode.c.h; path = InstagramCustomTableViewCell.h; sourceTree = "<group>"; };
		A3435CA31B88BCDF00BB1FFB /* InstagramCustomTableViewCell.m */ = {isa = PBXFileReference; fileEncoding = 4; lastKnownFileType = sourcecode.c.objc; path = InstagramCustomTableViewCell.m; sourceTree = "<group>"; };
		A3BF3BFF1B3FD2DF00E1F436 /* MBProgressHUD.h */ = {isa = PBXFileReference; fileEncoding = 4; lastKnownFileType = sourcecode.c.h; path = MBProgressHUD.h; sourceTree = "<group>"; };
		A3BF3C001B3FD2DF00E1F436 /* MBProgressHUD.m */ = {isa = PBXFileReference; fileEncoding = 4; lastKnownFileType = sourcecode.c.objc; path = MBProgressHUD.m; sourceTree = "<group>"; };
		A3CD67DB1B3C466B00DACD83 /* SSJSONModel.h */ = {isa = PBXFileReference; fileEncoding = 4; lastKnownFileType = sourcecode.c.h; path = SSJSONModel.h; sourceTree = "<group>"; };
		A3CD67DC1B3C466B00DACD83 /* SSJSONModel.m */ = {isa = PBXFileReference; fileEncoding = 4; lastKnownFileType = sourcecode.c.objc; path = SSJSONModel.m; sourceTree = "<group>"; };
/* End PBXFileReference section */

/* Begin PBXFrameworksBuildPhase section */
		182922161B236AFB00F95AE0 /* Frameworks */ = {
			isa = PBXFrameworksBuildPhase;
			buildActionMask = 2147483647;
			files = (
				1848173F1B90CD680031F1B9 /* CoreData.framework in Frameworks */,
			);
			runOnlyForDeploymentPostprocessing = 0;
		};
		1829222F1B236AFB00F95AE0 /* Frameworks */ = {
			isa = PBXFrameworksBuildPhase;
			buildActionMask = 2147483647;
			files = (
			);
			runOnlyForDeploymentPostprocessing = 0;
		};
/* End PBXFrameworksBuildPhase section */

/* Begin PBXGroup section */
		1811F1A91B75534900B6BE2E /* Event Data Model */ = {
			isa = PBXGroup;
			children = (
				18FDACA31B76386F00C23742 /* Event.h */,
				18FDACA41B76386F00C23742 /* Event.m */,
			);
			name = "Event Data Model";
			sourceTree = "<group>";
		};
		1811F1AA1B75535B00B6BE2E /* Model */ = {
			isa = PBXGroup;
			children = (
				1848174A1B90D5DD0031F1B9 /* Favourites Data Model */,
				184817461B90D5A80031F1B9 /* Core Data Model */,
				1811F1A91B75534900B6BE2E /* Event Data Model */,
				182D3F501B56B2BF0008F4BB /* Instagram Model */,
			);
			name = Model;
			sourceTree = "<group>";
		};
		182922101B236AFB00F95AE0 = {
			isa = PBXGroup;
			children = (
				1848173E1B90CD680031F1B9 /* CoreData.framework */,
				1829221B1B236AFB00F95AE0 /* TechTatva15 */,
				182922351B236AFB00F95AE0 /* TechTatva15Tests */,
				1829221A1B236AFB00F95AE0 /* Products */,
			);
			sourceTree = "<group>";
		};
		1829221A1B236AFB00F95AE0 /* Products */ = {
			isa = PBXGroup;
			children = (
				182922191B236AFB00F95AE0 /* TechTatva15.app */,
				182922321B236AFB00F95AE0 /* TechTatva15Tests.xctest */,
			);
			name = Products;
			sourceTree = "<group>";
		};
		1829221B1B236AFB00F95AE0 /* TechTatva15 */ = {
			isa = PBXGroup;
			children = (
				1811F1AA1B75535B00B6BE2E /* Model */,
				A3CD67D91B3C465700DACD83 /* Libraries */,
				182922261B236AFB00F95AE0 /* Main.storyboard */,
				18F1BD561B3FE3EF00473E1A /* Views */,
				18F1BD521B3FE35000473E1A /* Controllers */,
				182922291B236AFB00F95AE0 /* Images.xcassets */,
				1822727A1B5A265200CD52B8 /* TTlogomain.jpg */,
				18B5ECE41B23793E00055A3F /* video.mov */,
				1829222B1B236AFB00F95AE0 /* LaunchScreen.xib */,
				1829221C1B236AFB00F95AE0 /* Supporting Files */,
			);
			path = TechTatva15;
			sourceTree = "<group>";
		};
		1829221C1B236AFB00F95AE0 /* Supporting Files */ = {
			isa = PBXGroup;
			children = (
				1835F6B61B961FC6009E12E5 /* Minus-32.png */,
				1835F6A11B961675009E12E5 /* Minus-50.png */,
				1811F1AB1B7553EC00B6BE2E /* TechTatva15-Prefix.pch */,
				182922201B236AFB00F95AE0 /* AppDelegate.h */,
				182922211B236AFB00F95AE0 /* AppDelegate.m */,
				1829221D1B236AFB00F95AE0 /* Info.plist */,
				1829221E1B236AFB00F95AE0 /* main.m */,
			);
			name = "Supporting Files";
			sourceTree = "<group>";
		};
		182922351B236AFB00F95AE0 /* TechTatva15Tests */ = {
			isa = PBXGroup;
			children = (
				182922381B236AFB00F95AE0 /* TechTatva15Tests.m */,
				182922361B236AFB00F95AE0 /* Supporting Files */,
			);
			path = TechTatva15Tests;
			sourceTree = "<group>";
		};
		182922361B236AFB00F95AE0 /* Supporting Files */ = {
			isa = PBXGroup;
			children = (
				182922371B236AFB00F95AE0 /* Info.plist */,
			);
			name = "Supporting Files";
			sourceTree = "<group>";
		};
		182D3F501B56B2BF0008F4BB /* Instagram Model */ = {
			isa = PBXGroup;
			children = (
				182D3F4A1B56B0C80008F4BB /* InstagramUser.h */,
				182D3F4B1B56B0C80008F4BB /* InstagramUser.m */,
				182D3F4D1B56B21C0008F4BB /* InstagramImage.h */,
				182D3F4E1B56B21C0008F4BB /* InstagramImage.m */,
			);
			name = "Instagram Model";
			path = ..;
			sourceTree = "<group>";
		};
		1835F6A31B961691009E12E5 /* PodFiles */ = {
			isa = PBXGroup;
			children = (
				1835F6A41B961691009E12E5 /* NSMutableArray+SWUtilityButtons.h */,
				1835F6A51B961691009E12E5 /* NSMutableArray+SWUtilityButtons.m */,
				1835F6A61B961691009E12E5 /* SWCellScrollView.h */,
				1835F6A71B961691009E12E5 /* SWCellScrollView.m */,
				1835F6A81B961691009E12E5 /* SWLongPressGestureRecognizer.h */,
				1835F6A91B961691009E12E5 /* SWLongPressGestureRecognizer.m */,
				1835F6AA1B961691009E12E5 /* SWTableViewCell.h */,
				1835F6AB1B961691009E12E5 /* SWTableViewCell.m */,
				1835F6AC1B961691009E12E5 /* SWUtilityButtonTapGestureRecognizer.h */,
				1835F6AD1B961691009E12E5 /* SWUtilityButtonTapGestureRecognizer.m */,
				1835F6AE1B961691009E12E5 /* SWUtilityButtonView.h */,
				1835F6AF1B961691009E12E5 /* SWUtilityButtonView.m */,
			);
			path = PodFiles;
			sourceTree = "<group>";
		};
		183C4E1A1B7FCD0A00A07FB0 /* Day Segmented Control View */ = {
			isa = PBXGroup;
			children = (
				183C4E151B7FCCF700A07FB0 /* DaySegmentedControlView.h */,
				183C4E161B7FCCF700A07FB0 /* DaySegmentedControlView.m */,
				183C4E171B7FCCF700A07FB0 /* DaySegmentedControlView.xib */,
			);
			name = "Day Segmented Control View";
			sourceTree = "<group>";
		};
		184817461B90D5A80031F1B9 /* Core Data Model */ = {
			isa = PBXGroup;
			children = (
				184817431B90D4F70031F1B9 /* CoreDataModel.h */,
				184817441B90D4F70031F1B9 /* CoreDataModel.m */,
				184817401B90CE300031F1B9 /* TechTatva15_Core_Data_Model.xcdatamodeld */,
			);
			name = "Core Data Model";
			path = ..;
			sourceTree = "<group>";
		};
		1848174A1B90D5DD0031F1B9 /* Favourites Data Model */ = {
			isa = PBXGroup;
			children = (
				184817471B90D5D60031F1B9 /* Favourites.h */,
				184817481B90D5D60031F1B9 /* Favourites.m */,
			);
			name = "Favourites Data Model";
			sourceTree = "<group>";
		};
		18ADE1751B5ECC4B00CCD46D /* Reachability Files */ = {
			isa = PBXGroup;
			children = (
				18ADE1761B5ECC4B00CCD46D /* Reachability.h */,
				18ADE1771B5ECC4B00CCD46D /* Reachability.m */,
			);
			path = "Reachability Files";
			sourceTree = "<group>";
		};
		18B4FC341B5958A5004647DA /* SDWebImage */ = {
			isa = PBXGroup;
			children = (
				18B4FC351B5958A5004647DA /* MKAnnotationView+WebCache.h */,
				18B4FC361B5958A5004647DA /* MKAnnotationView+WebCache.m */,
				18B4FC371B5958A5004647DA /* NSData+ImageContentType.h */,
				18B4FC381B5958A5004647DA /* NSData+ImageContentType.m */,
				18B4FC391B5958A5004647DA /* SDImageCache.h */,
				18B4FC3A1B5958A5004647DA /* SDImageCache.m */,
				18B4FC3B1B5958A5004647DA /* SDWebImageCompat.h */,
				18B4FC3C1B5958A5004647DA /* SDWebImageCompat.m */,
				18B4FC3D1B5958A5004647DA /* SDWebImageDecoder.h */,
				18B4FC3E1B5958A5004647DA /* SDWebImageDecoder.m */,
				18B4FC3F1B5958A5004647DA /* SDWebImageDownloader.h */,
				18B4FC401B5958A5004647DA /* SDWebImageDownloader.m */,
				18B4FC411B5958A5004647DA /* SDWebImageDownloaderOperation.h */,
				18B4FC421B5958A5004647DA /* SDWebImageDownloaderOperation.m */,
				18B4FC431B5958A5004647DA /* SDWebImageManager.h */,
				18B4FC441B5958A5004647DA /* SDWebImageManager.m */,
				18B4FC451B5958A5004647DA /* SDWebImageOperation.h */,
				18B4FC461B5958A5004647DA /* SDWebImagePrefetcher.h */,
				18B4FC471B5958A5004647DA /* SDWebImagePrefetcher.m */,
				18B4FC481B5958A5004647DA /* UIButton+WebCache.h */,
				18B4FC491B5958A5004647DA /* UIButton+WebCache.m */,
				18B4FC4A1B5958A5004647DA /* UIImage+GIF.h */,
				18B4FC4B1B5958A5004647DA /* UIImage+GIF.m */,
				18B4FC4C1B5958A5004647DA /* UIImage+MultiFormat.h */,
				18B4FC4D1B5958A5004647DA /* UIImage+MultiFormat.m */,
				18B4FC4E1B5958A5004647DA /* UIImage+WebP.h */,
				18B4FC4F1B5958A5004647DA /* UIImage+WebP.m */,
				18B4FC501B5958A5004647DA /* UIImageView+HighlightedWebCache.h */,
				18B4FC511B5958A5004647DA /* UIImageView+HighlightedWebCache.m */,
				18B4FC521B5958A5004647DA /* UIImageView+WebCache.h */,
				18B4FC531B5958A5004647DA /* UIImageView+WebCache.m */,
				18B4FC541B5958A5004647DA /* UIView+WebCacheOperation.h */,
				18B4FC551B5958A5004647DA /* UIView+WebCacheOperation.m */,
			);
			path = SDWebImage;
			sourceTree = "<group>";
		};
		18B4FC691B5962E4004647DA /* PQFCustomLoaders */ = {
			isa = PBXGroup;
			children = (
				18B4FC6A1B5962E4004647DA /* PQFCirclesInTriangle.h */,
				18B4FC6B1B5962E4004647DA /* PQFCirclesInTriangle.m */,
				18B4FC6C1B5962E4004647DA /* PQFCustomLoaders.h */,
				18B4FC6D1B5962E4004647DA /* UIColor+FlatColors.h */,
				18B4FC6E1B5962E4004647DA /* UIColor+FlatColors.m */,
			);
			path = PQFCustomLoaders;
			sourceTree = "<group>";
		};
		18BF0E8F1B5579320088DA84 /* Instagram Cells */ = {
			isa = PBXGroup;
			children = (
				A3435CA11B88BCDF00BB1FFB /* InstagramCustomCell.xib */,
				A3435CA21B88BCDF00BB1FFB /* InstagramCustomTableViewCell.h */,
				A3435CA31B88BCDF00BB1FFB /* InstagramCustomTableViewCell.m */,
			);
			name = "Instagram Cells";
			sourceTree = "<group>";
		};
		18F1BD521B3FE35000473E1A /* Controllers */ = {
			isa = PBXGroup;
			children = (
				A33D4F231B8645AE0083429E /* RootViewController.h */,
				A33D4F241B8645AE0083429E /* RootViewController.m */,
				A33D4F261B86464B0083429E /* LeftMenuViewController.h */,
				A33D4F271B86464B0083429E /* LeftMenuViewController.m */,
				A3435C9B1B88BCBA00BB1FFB /* SplashViewController.h */,
				A3435C9C1B88BCBA00BB1FFB /* SplashViewController.m */,
				A3435C9E1B88BCC600BB1FFB /* CategoriesTableViewController.h */,
				A3435C9F1B88BCC600BB1FFB /* CategoriesTableViewController.m */,
				183C4E1B1B7FCD3400A07FB0 /* CatEventViewController.h */,
				183C4E1C1B7FCD3400A07FB0 /* CatEventViewController.m */,
				182D3F471B56AFB30008F4BB /* InstagramViewController.h */,
				182D3F481B56AFB30008F4BB /* InstagramViewController.m */,
				18B4FC661B595E67004647DA /* FullScreenImageViewController.h */,
				18B4FC671B595E67004647DA /* FullScreenImageViewController.m */,
				18E282711B373C4D0084DCDE /* ResultsViewController.h */,
				18E282721B373C4D0084DCDE /* ResultsViewController.m */,
				1897CC301B84EBD0007D779B /* EventsViewController.h */,
				1897CC311B84EBD0007D779B /* EventsViewController.m */,
				1848174B1B90D7550031F1B9 /* FavouritesViewController.h */,
				1848174C1B90D7550031F1B9 /* FavouritesViewController.m */,
			);
			name = Controllers;
			sourceTree = "<group>";
		};
		18F1BD541B3FE37900473E1A /* Event View Cells */ = {
			isa = PBXGroup;
			children = (
				4CC9F6CF1B3DBB4F002F9C1D /* eventViewTableViewCell.xib */,
				4CC9F6CD1B3DBB4F002F9C1D /* eventViewTableViewCell.h */,
				4CC9F6CE1B3DBB4F002F9C1D /* eventViewTableViewCell.m */,
			);
			name = "Event View Cells";
			sourceTree = "<group>";
		};
		18F1BD551B3FE38A00473E1A /* Category Event View Cells */ = {
			isa = PBXGroup;
			children = (
				A3435C961B88BC9000BB1FFB /* CategoryTableViewCell.h */,
				A3435C971B88BC9000BB1FFB /* CategoryTableViewCell.m */,
				A3435C981B88BC9000BB1FFB /* CategoryTableViewCell.xib */,
			);
			name = "Category Event View Cells";
			sourceTree = "<group>";
		};
		18F1BD561B3FE3EF00473E1A /* Views */ = {
			isa = PBXGroup;
			children = (
				183C4E1A1B7FCD0A00A07FB0 /* Day Segmented Control View */,
				18BF0E8F1B5579320088DA84 /* Instagram Cells */,
				18F1BD541B3FE37900473E1A /* Event View Cells */,
				18F1BD551B3FE38A00473E1A /* Category Event View Cells */,
			);
			name = Views;
			sourceTree = "<group>";
		};
		A33D4F221B86457C0083429E /* RESideMenu */ = {
			isa = PBXGroup;
			children = (
				A33D4F191B8645760083429E /* RECommonFunctions.h */,
				A33D4F1A1B8645760083429E /* RECommonFunctions.m */,
				A33D4F1B1B8645760083429E /* RESideMenu.h */,
				A33D4F1C1B8645760083429E /* RESideMenu.m */,
				A33D4F1D1B8645760083429E /* UIViewController+RESideMenu.h */,
				A33D4F1E1B8645760083429E /* UIViewController+RESideMenu.m */,
			);
			name = RESideMenu;
			sourceTree = "<group>";
		};
		A3BF3BFE1B3FD2C600E1F436 /* MBProgressHUD */ = {
			isa = PBXGroup;
			children = (
				A3BF3BFF1B3FD2DF00E1F436 /* MBProgressHUD.h */,
				A3BF3C001B3FD2DF00E1F436 /* MBProgressHUD.m */,
			);
			name = MBProgressHUD;
			sourceTree = "<group>";
		};
		A3CD67D91B3C465700DACD83 /* Libraries */ = {
			isa = PBXGroup;
			children = (
				1835F6A31B961691009E12E5 /* PodFiles */,
				A33D4F221B86457C0083429E /* RESideMenu */,
				18ADE1751B5ECC4B00CCD46D /* Reachability Files */,
				18B4FC691B5962E4004647DA /* PQFCustomLoaders */,
				18B4FC341B5958A5004647DA /* SDWebImage */,
				A3BF3BFE1B3FD2C600E1F436 /* MBProgressHUD */,
				A3CD67DA1B3C465D00DACD83 /* SSJSONParse */,
			);
			name = Libraries;
			sourceTree = "<group>";
		};
		A3CD67DA1B3C465D00DACD83 /* SSJSONParse */ = {
			isa = PBXGroup;
			children = (
				A3CD67DB1B3C466B00DACD83 /* SSJSONModel.h */,
				A3CD67DC1B3C466B00DACD83 /* SSJSONModel.m */,
			);
			name = SSJSONParse;
			sourceTree = "<group>";
		};
/* End PBXGroup section */

/* Begin PBXNativeTarget section */
		182922181B236AFB00F95AE0 /* TechTatva15 */ = {
			isa = PBXNativeTarget;
			buildConfigurationList = 1829223C1B236AFB00F95AE0 /* Build configuration list for PBXNativeTarget "TechTatva15" */;
			buildPhases = (
				182922151B236AFB00F95AE0 /* Sources */,
				182922161B236AFB00F95AE0 /* Frameworks */,
				182922171B236AFB00F95AE0 /* Resources */,
			);
			buildRules = (
			);
			dependencies = (
			);
			name = TechTatva15;
			productName = TechTatva15;
			productReference = 182922191B236AFB00F95AE0 /* TechTatva15.app */;
			productType = "com.apple.product-type.application";
		};
		182922311B236AFB00F95AE0 /* TechTatva15Tests */ = {
			isa = PBXNativeTarget;
			buildConfigurationList = 1829223F1B236AFB00F95AE0 /* Build configuration list for PBXNativeTarget "TechTatva15Tests" */;
			buildPhases = (
				1829222E1B236AFB00F95AE0 /* Sources */,
				1829222F1B236AFB00F95AE0 /* Frameworks */,
				182922301B236AFB00F95AE0 /* Resources */,
			);
			buildRules = (
			);
			dependencies = (
				182922341B236AFB00F95AE0 /* PBXTargetDependency */,
			);
			name = TechTatva15Tests;
			productName = TechTatva15Tests;
			productReference = 182922321B236AFB00F95AE0 /* TechTatva15Tests.xctest */;
			productType = "com.apple.product-type.bundle.unit-test";
		};
/* End PBXNativeTarget section */

/* Begin PBXProject section */
		182922111B236AFB00F95AE0 /* Project object */ = {
			isa = PBXProject;
			attributes = {
				LastUpgradeCheck = 0600;
				ORGANIZATIONNAME = AppDev;
				TargetAttributes = {
					182922181B236AFB00F95AE0 = {
						CreatedOnToolsVersion = 6.0.1;
						DevelopmentTeam = M2TZJK2U6H;
					};
					182922311B236AFB00F95AE0 = {
						CreatedOnToolsVersion = 6.0.1;
						TestTargetID = 182922181B236AFB00F95AE0;
					};
				};
			};
			buildConfigurationList = 182922141B236AFB00F95AE0 /* Build configuration list for PBXProject "TechTatva15" */;
			compatibilityVersion = "Xcode 3.2";
			developmentRegion = English;
			hasScannedForEncodings = 0;
			knownRegions = (
				en,
				Base,
			);
			mainGroup = 182922101B236AFB00F95AE0;
			productRefGroup = 1829221A1B236AFB00F95AE0 /* Products */;
			projectDirPath = "";
			projectRoot = "";
			targets = (
				182922181B236AFB00F95AE0 /* TechTatva15 */,
				182922311B236AFB00F95AE0 /* TechTatva15Tests */,
			);
		};
/* End PBXProject section */

/* Begin PBXResourcesBuildPhase section */
		182922171B236AFB00F95AE0 /* Resources */ = {
			isa = PBXResourcesBuildPhase;
			buildActionMask = 2147483647;
			files = (
				183C4E191B7FCCF700A07FB0 /* DaySegmentedControlView.xib in Resources */,
				1835F6B71B961FC6009E12E5 /* Minus-32.png in Resources */,
				1835F6A21B961675009E12E5 /* Minus-50.png in Resources */,
				A3435C9A1B88BC9000BB1FFB /* CategoryTableViewCell.xib in Resources */,
				18B5ECE51B23793E00055A3F /* video.mov in Resources */,
				1822727B1B5A265200CD52B8 /* TTlogomain.jpg in Resources */,
				A3435CA41B88BCDF00BB1FFB /* InstagramCustomCell.xib in Resources */,
				182922281B236AFB00F95AE0 /* Main.storyboard in Resources */,
				1829222D1B236AFB00F95AE0 /* LaunchScreen.xib in Resources */,
				1829222A1B236AFB00F95AE0 /* Images.xcassets in Resources */,
				4CC9F6D11B3DBB4F002F9C1D /* eventViewTableViewCell.xib in Resources */,
			);
			runOnlyForDeploymentPostprocessing = 0;
		};
		182922301B236AFB00F95AE0 /* Resources */ = {
			isa = PBXResourcesBuildPhase;
			buildActionMask = 2147483647;
			files = (
			);
			runOnlyForDeploymentPostprocessing = 0;
		};
/* End PBXResourcesBuildPhase section */

/* Begin PBXSourcesBuildPhase section */
		182922151B236AFB00F95AE0 /* Sources */ = {
			isa = PBXSourcesBuildPhase;
			buildActionMask = 2147483647;
			files = (
				184817491B90D5D60031F1B9 /* Favourites.m in Sources */,
				18B4FC5E1B5958A5004647DA /* SDWebImagePrefetcher.m in Sources */,
				18E282731B373C4D0084DCDE /* ResultsViewController.m in Sources */,
				18B4FC621B5958A5004647DA /* UIImage+WebP.m in Sources */,
				1897CC321B84EBD0007D779B /* EventsViewController.m in Sources */,
				A3435C9D1B88BCBA00BB1FFB /* SplashViewController.m in Sources */,
				A33D4F211B8645760083429E /* UIViewController+RESideMenu.m in Sources */,
				18B4FC641B5958A5004647DA /* UIImageView+WebCache.m in Sources */,
				18B4FC5C1B5958A5004647DA /* SDWebImageDownloaderOperation.m in Sources */,
				18FDACA51B76386F00C23742 /* Event.m in Sources */,
				182D3F4F1B56B21C0008F4BB /* InstagramImage.m in Sources */,
				A33D4F281B86464B0083429E /* LeftMenuViewController.m in Sources */,
				18B4FC631B5958A5004647DA /* UIImageView+HighlightedWebCache.m in Sources */,
				18B4FC5A1B5958A5004647DA /* SDWebImageDecoder.m in Sources */,
				18B4FC571B5958A5004647DA /* NSData+ImageContentType.m in Sources */,
				182D3F491B56AFB30008F4BB /* InstagramViewController.m in Sources */,
				182922221B236AFB00F95AE0 /* AppDelegate.m in Sources */,
				18B4FC581B5958A5004647DA /* SDImageCache.m in Sources */,
				1848174D1B90D7550031F1B9 /* FavouritesViewController.m in Sources */,
				183C4E1D1B7FCD3400A07FB0 /* CatEventViewController.m in Sources */,
				A3435CA51B88BCDF00BB1FFB /* InstagramCustomTableViewCell.m in Sources */,
				1835F6B51B961691009E12E5 /* SWUtilityButtonView.m in Sources */,
				1835F6B31B961691009E12E5 /* SWTableViewCell.m in Sources */,
				4CC9F6D01B3DBB4F002F9C1D /* eventViewTableViewCell.m in Sources */,
				18B4FC5D1B5958A5004647DA /* SDWebImageManager.m in Sources */,
				18B4FC651B5958A5004647DA /* UIView+WebCacheOperation.m in Sources */,
				A3CD67DD1B3C466B00DACD83 /* SSJSONModel.m in Sources */,
				182D3F4C1B56B0C80008F4BB /* InstagramUser.m in Sources */,
				18B4FC5B1B5958A5004647DA /* SDWebImageDownloader.m in Sources */,
				18B4FC601B5958A5004647DA /* UIImage+GIF.m in Sources */,
				184817421B90CE300031F1B9 /* TechTatva15_Core_Data_Model.xcdatamodeld in Sources */,
				18B4FC561B5958A5004647DA /* MKAnnotationView+WebCache.m in Sources */,
				18B4FC681B595E67004647DA /* FullScreenImageViewController.m in Sources */,
				1829221F1B236AFB00F95AE0 /* main.m in Sources */,
				18B4FC611B5958A5004647DA /* UIImage+MultiFormat.m in Sources */,
				1835F6B11B961691009E12E5 /* SWCellScrollView.m in Sources */,
				18B4FC731B5962E4004647DA /* UIColor+FlatColors.m in Sources */,
				A33D4F251B8645AE0083429E /* RootViewController.m in Sources */,
				A33D4F201B8645760083429E /* RESideMenu.m in Sources */,
				18B4FC721B5962E4004647DA /* PQFCirclesInTriangle.m in Sources */,
				A33D4F1F1B8645760083429E /* RECommonFunctions.m in Sources */,
				A3435CA01B88BCC600BB1FFB /* CategoriesTableViewController.m in Sources */,
				1835F6B01B961691009E12E5 /* NSMutableArray+SWUtilityButtons.m in Sources */,
				183C4E181B7FCCF700A07FB0 /* DaySegmentedControlView.m in Sources */,
				A3435C991B88BC9000BB1FFB /* CategoryTableViewCell.m in Sources */,
				1835F6B21B961691009E12E5 /* SWLongPressGestureRecognizer.m in Sources */,
				18ADE1781B5ECC4B00CCD46D /* Reachability.m in Sources */,
				18B4FC591B5958A5004647DA /* SDWebImageCompat.m in Sources */,
				18B4FC5F1B5958A5004647DA /* UIButton+WebCache.m in Sources */,
				184817451B90D4F70031F1B9 /* CoreDataModel.m in Sources */,
				1835F6B41B961691009E12E5 /* SWUtilityButtonTapGestureRecognizer.m in Sources */,
				A3BF3C011B3FD2DF00E1F436 /* MBProgressHUD.m in Sources */,
			);
			runOnlyForDeploymentPostprocessing = 0;
		};
		1829222E1B236AFB00F95AE0 /* Sources */ = {
			isa = PBXSourcesBuildPhase;
			buildActionMask = 2147483647;
			files = (
				182922391B236AFB00F95AE0 /* TechTatva15Tests.m in Sources */,
			);
			runOnlyForDeploymentPostprocessing = 0;
		};
/* End PBXSourcesBuildPhase section */

/* Begin PBXTargetDependency section */
		182922341B236AFB00F95AE0 /* PBXTargetDependency */ = {
			isa = PBXTargetDependency;
			target = 182922181B236AFB00F95AE0 /* TechTatva15 */;
			targetProxy = 182922331B236AFB00F95AE0 /* PBXContainerItemProxy */;
		};
/* End PBXTargetDependency section */

/* Begin PBXVariantGroup section */
		182922261B236AFB00F95AE0 /* Main.storyboard */ = {
			isa = PBXVariantGroup;
			children = (
				182922271B236AFB00F95AE0 /* Base */,
			);
			name = Main.storyboard;
			sourceTree = "<group>";
		};
		1829222B1B236AFB00F95AE0 /* LaunchScreen.xib */ = {
			isa = PBXVariantGroup;
			children = (
				1829222C1B236AFB00F95AE0 /* Base */,
			);
			name = LaunchScreen.xib;
			sourceTree = "<group>";
		};
/* End PBXVariantGroup section */

/* Begin XCBuildConfiguration section */
		1829223A1B236AFB00F95AE0 /* Debug */ = {
			isa = XCBuildConfiguration;
			buildSettings = {
				ALWAYS_SEARCH_USER_PATHS = NO;
				CLANG_CXX_LANGUAGE_STANDARD = "gnu++0x";
				CLANG_CXX_LIBRARY = "libc++";
				CLANG_ENABLE_MODULES = YES;
				CLANG_ENABLE_OBJC_ARC = YES;
				CLANG_WARN_BOOL_CONVERSION = YES;
				CLANG_WARN_CONSTANT_CONVERSION = YES;
				CLANG_WARN_DIRECT_OBJC_ISA_USAGE = YES_ERROR;
				CLANG_WARN_EMPTY_BODY = YES;
				CLANG_WARN_ENUM_CONVERSION = YES;
				CLANG_WARN_INT_CONVERSION = YES;
				CLANG_WARN_OBJC_ROOT_CLASS = YES_ERROR;
				CLANG_WARN_UNREACHABLE_CODE = YES;
				CLANG_WARN__DUPLICATE_METHOD_MATCH = YES;
				"CODE_SIGN_IDENTITY[sdk=iphoneos*]" = "iPhone Developer";
				COPY_PHASE_STRIP = NO;
				ENABLE_STRICT_OBJC_MSGSEND = YES;
				GCC_C_LANGUAGE_STANDARD = gnu99;
				GCC_DYNAMIC_NO_PIC = NO;
				GCC_OPTIMIZATION_LEVEL = 0;
				GCC_PREPROCESSOR_DEFINITIONS = (
					"DEBUG=1",
					"$(inherited)",
				);
				GCC_SYMBOLS_PRIVATE_EXTERN = NO;
				GCC_WARN_64_TO_32_BIT_CONVERSION = YES;
				GCC_WARN_ABOUT_RETURN_TYPE = YES_ERROR;
				GCC_WARN_UNDECLARED_SELECTOR = YES;
				GCC_WARN_UNINITIALIZED_AUTOS = YES_AGGRESSIVE;
				GCC_WARN_UNUSED_FUNCTION = YES;
				GCC_WARN_UNUSED_VARIABLE = YES;
				IPHONEOS_DEPLOYMENT_TARGET = 8.0;
				MTL_ENABLE_DEBUG_INFO = YES;
				ONLY_ACTIVE_ARCH = YES;
				SDKROOT = iphoneos;
			};
			name = Debug;
		};
		1829223B1B236AFB00F95AE0 /* Release */ = {
			isa = XCBuildConfiguration;
			buildSettings = {
				ALWAYS_SEARCH_USER_PATHS = NO;
				CLANG_CXX_LANGUAGE_STANDARD = "gnu++0x";
				CLANG_CXX_LIBRARY = "libc++";
				CLANG_ENABLE_MODULES = YES;
				CLANG_ENABLE_OBJC_ARC = YES;
				CLANG_WARN_BOOL_CONVERSION = YES;
				CLANG_WARN_CONSTANT_CONVERSION = YES;
				CLANG_WARN_DIRECT_OBJC_ISA_USAGE = YES_ERROR;
				CLANG_WARN_EMPTY_BODY = YES;
				CLANG_WARN_ENUM_CONVERSION = YES;
				CLANG_WARN_INT_CONVERSION = YES;
				CLANG_WARN_OBJC_ROOT_CLASS = YES_ERROR;
				CLANG_WARN_UNREACHABLE_CODE = YES;
				CLANG_WARN__DUPLICATE_METHOD_MATCH = YES;
				"CODE_SIGN_IDENTITY[sdk=iphoneos*]" = "iPhone Developer";
				COPY_PHASE_STRIP = YES;
				ENABLE_NS_ASSERTIONS = NO;
				ENABLE_STRICT_OBJC_MSGSEND = YES;
				GCC_C_LANGUAGE_STANDARD = gnu99;
				GCC_WARN_64_TO_32_BIT_CONVERSION = YES;
				GCC_WARN_ABOUT_RETURN_TYPE = YES_ERROR;
				GCC_WARN_UNDECLARED_SELECTOR = YES;
				GCC_WARN_UNINITIALIZED_AUTOS = YES_AGGRESSIVE;
				GCC_WARN_UNUSED_FUNCTION = YES;
				GCC_WARN_UNUSED_VARIABLE = YES;
				IPHONEOS_DEPLOYMENT_TARGET = 8.0;
				MTL_ENABLE_DEBUG_INFO = NO;
				SDKROOT = iphoneos;
				VALIDATE_PRODUCT = YES;
			};
			name = Release;
		};
		1829223D1B236AFB00F95AE0 /* Debug */ = {
			isa = XCBuildConfiguration;
			buildSettings = {
				ASSETCATALOG_COMPILER_APPICON_NAME = AppIcon;
				CODE_SIGN_IDENTITY = "iPhone Developer";
				"CODE_SIGN_IDENTITY[sdk=iphoneos*]" = "iPhone Developer";
				GCC_PRECOMPILE_PREFIX_HEADER = YES;
				GCC_PREFIX_HEADER = "TechTatva15/TechTatva15-Prefix.pch";
				INFOPLIST_FILE = TechTatva15/Info.plist;
				IPHONEOS_DEPLOYMENT_TARGET = 7.1;
				LD_RUNPATH_SEARCH_PATHS = "$(inherited) @executable_path/Frameworks";
				PRODUCT_NAME = "$(TARGET_NAME)";
				PROVISIONING_PROFILE = "";
			};
			name = Debug;
		};
		1829223E1B236AFB00F95AE0 /* Release */ = {
			isa = XCBuildConfiguration;
			buildSettings = {
				ASSETCATALOG_COMPILER_APPICON_NAME = AppIcon;
				CODE_SIGN_IDENTITY = "iPhone Developer";
				"CODE_SIGN_IDENTITY[sdk=iphoneos*]" = "iPhone Developer";
				GCC_PRECOMPILE_PREFIX_HEADER = YES;
				GCC_PREFIX_HEADER = "TechTatva15/TechTatva15-Prefix.pch";
				INFOPLIST_FILE = TechTatva15/Info.plist;
				IPHONEOS_DEPLOYMENT_TARGET = 7.1;
				LD_RUNPATH_SEARCH_PATHS = "$(inherited) @executable_path/Frameworks";
				PRODUCT_NAME = "$(TARGET_NAME)";
				PROVISIONING_PROFILE = "";
			};
			name = Release;
		};
		182922401B236AFB00F95AE0 /* Debug */ = {
			isa = XCBuildConfiguration;
			buildSettings = {
				BUNDLE_LOADER = "$(TEST_HOST)";
				FRAMEWORK_SEARCH_PATHS = (
					"$(SDKROOT)/Developer/Library/Frameworks",
					"$(inherited)",
				);
				GCC_PREPROCESSOR_DEFINITIONS = (
					"DEBUG=1",
					"$(inherited)",
				);
				INFOPLIST_FILE = TechTatva15Tests/Info.plist;
				LD_RUNPATH_SEARCH_PATHS = "$(inherited) @executable_path/Frameworks @loader_path/Frameworks";
				PRODUCT_NAME = "$(TARGET_NAME)";
				TEST_HOST = "$(BUILT_PRODUCTS_DIR)/TechTatva15.app/TechTatva15";
			};
			name = Debug;
		};
		182922411B236AFB00F95AE0 /* Release */ = {
			isa = XCBuildConfiguration;
			buildSettings = {
				BUNDLE_LOADER = "$(TEST_HOST)";
				FRAMEWORK_SEARCH_PATHS = (
					"$(SDKROOT)/Developer/Library/Frameworks",
					"$(inherited)",
				);
				INFOPLIST_FILE = TechTatva15Tests/Info.plist;
				LD_RUNPATH_SEARCH_PATHS = "$(inherited) @executable_path/Frameworks @loader_path/Frameworks";
				PRODUCT_NAME = "$(TARGET_NAME)";
				TEST_HOST = "$(BUILT_PRODUCTS_DIR)/TechTatva15.app/TechTatva15";
			};
			name = Release;
		};
/* End XCBuildConfiguration section */

/* Begin XCConfigurationList section */
		182922141B236AFB00F95AE0 /* Build configuration list for PBXProject "TechTatva15" */ = {
			isa = XCConfigurationList;
			buildConfigurations = (
				1829223A1B236AFB00F95AE0 /* Debug */,
				1829223B1B236AFB00F95AE0 /* Release */,
			);
			defaultConfigurationIsVisible = 0;
			defaultConfigurationName = Release;
		};
		1829223C1B236AFB00F95AE0 /* Build configuration list for PBXNativeTarget "TechTatva15" */ = {
			isa = XCConfigurationList;
			buildConfigurations = (
				1829223D1B236AFB00F95AE0 /* Debug */,
				1829223E1B236AFB00F95AE0 /* Release */,
			);
			defaultConfigurationIsVisible = 0;
			defaultConfigurationName = Release;
		};
		1829223F1B236AFB00F95AE0 /* Build configuration list for PBXNativeTarget "TechTatva15Tests" */ = {
			isa = XCConfigurationList;
			buildConfigurations = (
				182922401B236AFB00F95AE0 /* Debug */,
				182922411B236AFB00F95AE0 /* Release */,
			);
			defaultConfigurationIsVisible = 0;
			defaultConfigurationName = Release;
		};
/* End XCConfigurationList section */

/* Begin XCVersionGroup section */
		184817401B90CE300031F1B9 /* TechTatva15_Core_Data_Model.xcdatamodeld */ = {
			isa = XCVersionGroup;
			children = (
				184817411B90CE300031F1B9 /* TechTatva15_Core_Data_Model.xcdatamodel */,
			);
			currentVersion = 184817411B90CE300031F1B9 /* TechTatva15_Core_Data_Model.xcdatamodel */;
			path = TechTatva15_Core_Data_Model.xcdatamodeld;
			sourceTree = "<group>";
			versionGroupType = wrapper.xcdatamodel;
		};
/* End XCVersionGroup section */
	};
	rootObject = 182922111B236AFB00F95AE0 /* Project object */;
}
